
Microsoft Visual Studio Solution File, Format Version 12.00
# Visual Studio 2015
Project("{FAE04EC0-301F-11D3-BF4B-00C04F79EFBC}") = "Night-at-the-Museum", "Night-at-the-Museum.csproj", "{D778AAFA-C5FC-3E48-C511-19BEDC1BB680}"
EndProject
Project("{FAE04EC0-301F-11D3-BF4B-00C04F79EFBC}") = "Night-at-the-Museum.Plugins", "Night-at-the-Museum.Plugins.csproj", "{A1062EF9-DE7D-D16A-56A6-96315C2BC80C}"
EndProject
Project("{FAE04EC0-301F-11D3-BF4B-00C04F79EFBC}") = "Night-at-the-Museum.Editor", "Night-at-the-Museum.Editor.csproj", "{DCD77CCC-59BC-AE38-E8F1-867381CA39B5}"
EndProject
Global
	GlobalSection(SolutionConfigurationPlatforms) = preSolution
		Debug|Any CPU = Debug|Any CPU
		Release|Any CPU = Release|Any CPU
	EndGlobalSection
	GlobalSection(ProjectConfigurationPlatforms) = postSolution
		{D778AAFA-C5FC-3E48-C511-19BEDC1BB680}.Debug|Any CPU.ActiveCfg = Debug|Any CPU
		{D778AAFA-C5FC-3E48-C511-19BEDC1BB680}.Debug|Any CPU.Build.0 = Debug|Any CPU
		{D778AAFA-C5FC-3E48-C511-19BEDC1BB680}.Release|Any CPU.ActiveCfg = Release|Any CPU
		{D778AAFA-C5FC-3E48-C511-19BEDC1BB680}.Release|Any CPU.Build.0 = Release|Any CPU
		{A1062EF9-DE7D-D16A-56A6-96315C2BC80C}.Debug|Any CPU.ActiveCfg = Debug|Any CPU
		{A1062EF9-DE7D-D16A-56A6-96315C2BC80C}.Debug|Any CPU.Build.0 = Debug|Any CPU
		{A1062EF9-DE7D-D16A-56A6-96315C2BC80C}.Release|Any CPU.ActiveCfg = Release|Any CPU
		{A1062EF9-DE7D-D16A-56A6-96315C2BC80C}.Release|Any CPU.Build.0 = Release|Any CPU
		{DCD77CCC-59BC-AE38-E8F1-867381CA39B5}.Debug|Any CPU.ActiveCfg = Debug|Any CPU
		{DCD77CCC-59BC-AE38-E8F1-867381CA39B5}.Debug|Any CPU.Build.0 = Debug|Any CPU
		{DCD77CCC-59BC-AE38-E8F1-867381CA39B5}.Release|Any CPU.ActiveCfg = Release|Any CPU
		{DCD77CCC-59BC-AE38-E8F1-867381CA39B5}.Release|Any CPU.Build.0 = Release|Any CPU
	EndGlobalSection
	GlobalSection(SolutionProperties) = preSolution
		HideSolutionNode = FALSE
	EndGlobalSection
EndGlobal
